
Microsoft Visual Studio Solution File, Format Version 12.00
# Visual Studio 2013
VisualStudioVersion = 12.0.31101.0
MinimumVisualStudioVersion = 10.0.40219.1
Project("{FAE04EC0-301F-11D3-BF4B-00C04F79EFBC}") = "Nada.UI", "Nada.UI\Nada.UI.csproj", "{1479C267-0906-4A9B-8840-9ADF4D2B42A4}"
EndProject
Project("{FAE04EC0-301F-11D3-BF4B-00C04F79EFBC}") = "Nada.DA", "Nada.DA\Nada.DA.csproj", "{4B602617-32B5-492A-8D10-653F1C509075}"
EndProject
Project("{FAE04EC0-301F-11D3-BF4B-00C04F79EFBC}") = "Nada.Tests", "Nada.Tests\Nada.Tests.csproj", "{32D0AC09-E7DE-4923-9471-0D19567F815B}"
EndProject
Project("{FAE04EC0-301F-11D3-BF4B-00C04F79EFBC}") = "Nada.Model", "Nada.Model\Nada.Model.csproj", "{9887365D-56C1-4344-9753-91A5D0BF656C}"
EndProject
Project("{2150E333-8FDC-42A3-9474-1A3956D46DE8}") = "Solution Items", "Solution Items", "{9B976F2F-1723-4C7D-92BD-5A0211F14FF8}"
	ProjectSection(SolutionItems) = preProject
		Solution Items\AccessDatabaseEngine.exe = Solution Items\AccessDatabaseEngine.exe
		Solution Items\AccessDatabaseEngine_x64.exe = Solution Items\AccessDatabaseEngine_x64.exe
		Solution Items\ClosedXML.dll = Solution Items\ClosedXML.dll
		Solution Items\ClosedXML.XML = Solution Items\ClosedXML.XML
		Solution Items\ComponentFactory.Krypton.Toolkit.dll = Solution Items\ComponentFactory.Krypton.Toolkit.dll
		Solution Items\DocumentFormat.OpenXml.dll = Solution Items\DocumentFormat.OpenXml.dll
		Solution Items\EPPlus.dll = Solution Items\EPPlus.dll
		Solution Items\Excel.dll = Solution Items\Excel.dll
		Solution Items\Excel.pdb = Solution Items\Excel.pdb
		Solution Items\ICSharpCode.SharpZipLib.dll = Solution Items\ICSharpCode.SharpZipLib.dll
		Solution Items\LINQtoCSV.dll = Solution Items\LINQtoCSV.dll
		Solution Items\log4net.dll = Solution Items\log4net.dll
		Solution Items\Microsoft.Office.Interop.Excel.dll = Solution Items\Microsoft.Office.Interop.Excel.dll
		Solution Items\nada-sha1-2015.p12 = Solution Items\nada-sha1-2015.p12
		Solution Items\nada-sha1-2015.pfx = Solution Items\nada-sha1-2015.pfx
		Solution Items\nadasha1.p12 = Solution Items\nadasha1.p12
		Solution Items\nadasha15yr.pfx = Solution Items\nadasha15yr.pfx
		Solution Items\ObjectListView.dll = Solution Items\ObjectListView.dll
		Solution Items\private-2015.key = Solution Items\private-2015.key
	EndProjectSection
EndProject
Project("{FAE04EC0-301F-11D3-BF4B-00C04F79EFBC}") = "Nada.Globalization", "Nada.Globalization\Nada.Globalization.csproj", "{14B15D94-7AF4-43FF-AA5B-178A7EDC8ABB}"
EndProject
Project("{2150E333-8FDC-42A3-9474-1A3956D46DE8}") = "Nada.Build", "Nada.Build", "{C8EA909B-32CB-4510-8D3E-1769F7D3FA6A}"
EndProject
Project("{2150E333-8FDC-42A3-9474-1A3956D46DE8}") = "MicrosoftInterop", "MicrosoftInterop", "{F906ECFC-A537-40E6-95AD-DE49B560FAAB}"
	ProjectSection(SolutionItems) = preProject
		Solution Items\MicrosoftInterop\o2007pia.msi = Solution Items\MicrosoftInterop\o2007pia.msi
	EndProjectSection
EndProject
Project("{FAE04EC0-301F-11D3-BF4B-00C04F79EFBC}") = "Nada.Build.Deploy_x64", "Nada.Build\Nada.Build.Deploy_x64\Nada.Build.Deploy_x64.csproj", "{C1D3C62B-3627-4554-A9D8-AF7446005869}"
EndProject
Project("{FAE04EC0-301F-11D3-BF4B-00C04F79EFBC}") = "Nada.Build.Deploy_x86", "Nada.Build\Nada.Build.Deploy_x86\Nada.Build.Deploy_x86.csproj", "{48B80CC9-E1B7-4C82-A331-E4EBE1CBC86D}"
EndProject
Project("{FAE04EC0-301F-11D3-BF4B-00C04F79EFBC}") = "Nada.Build.Qa", "Nada.Build\Nada.Build.Qa\Nada.Build.Qa.csproj", "{312F4888-D724-42A1-B2FF-6D45092C59BA}"
EndProject
Project("{2150E333-8FDC-42A3-9474-1A3956D46DE8}") = "Nada.Utilities", "Nada.Utilities", "{179CEEDC-05E5-480E-964B-E629BA701963}"
EndProject
Project("{FAE04EC0-301F-11D3-BF4B-00C04F79EFBC}") = "Nada.Utilities.DeveloperUtil", "Nada.Utilities\Nada.Utilities.DeveloperUtil\Nada.Utilities.DeveloperUtil.csproj", "{CE888D0F-AD8C-4114-90DD-5BE4936EE385}"
EndProject
Global
	GlobalSection(SolutionConfigurationPlatforms) = preSolution
		Debug|Any CPU = Debug|Any CPU
		Debug|Mixed Platforms = Debug|Mixed Platforms
		Debug|x64 = Debug|x64
		Debug|x86 = Debug|x86
		Release|Any CPU = Release|Any CPU
		Release|Mixed Platforms = Release|Mixed Platforms
		Release|x64 = Release|x64
		Release|x86 = Release|x86
	EndGlobalSection
	GlobalSection(ProjectConfigurationPlatforms) = postSolution
		{1479C267-0906-4A9B-8840-9ADF4D2B42A4}.Debug|Any CPU.ActiveCfg = Debug|Any CPU
		{1479C267-0906-4A9B-8840-9ADF4D2B42A4}.Debug|Any CPU.Build.0 = Debug|Any CPU
		{1479C267-0906-4A9B-8840-9ADF4D2B42A4}.Debug|Mixed Platforms.ActiveCfg = Debug|x86
		{1479C267-0906-4A9B-8840-9ADF4D2B42A4}.Debug|Mixed Platforms.Build.0 = Debug|x86
		{1479C267-0906-4A9B-8840-9ADF4D2B42A4}.Debug|x64.ActiveCfg = Debug|Any CPU
		{1479C267-0906-4A9B-8840-9ADF4D2B42A4}.Debug|x64.Build.0 = Debug|Any CPU
		{1479C267-0906-4A9B-8840-9ADF4D2B42A4}.Debug|x86.ActiveCfg = Debug|Any CPU
		{1479C267-0906-4A9B-8840-9ADF4D2B42A4}.Release|Any CPU.ActiveCfg = Release|Any CPU
		{1479C267-0906-4A9B-8840-9ADF4D2B42A4}.Release|Any CPU.Build.0 = Release|Any CPU
		{1479C267-0906-4A9B-8840-9ADF4D2B42A4}.Release|Mixed Platforms.ActiveCfg = Release|x86
		{1479C267-0906-4A9B-8840-9ADF4D2B42A4}.Release|Mixed Platforms.Build.0 = Release|x86
		{1479C267-0906-4A9B-8840-9ADF4D2B42A4}.Release|x64.ActiveCfg = Release|x64
		{1479C267-0906-4A9B-8840-9ADF4D2B42A4}.Release|x64.Build.0 = Release|x64
		{1479C267-0906-4A9B-8840-9ADF4D2B42A4}.Release|x86.ActiveCfg = Release|Any CPU
		{4B602617-32B5-492A-8D10-653F1C509075}.Debug|Any CPU.ActiveCfg = Debug|Any CPU
		{4B602617-32B5-492A-8D10-653F1C509075}.Debug|Any CPU.Build.0 = Debug|Any CPU
		{4B602617-32B5-492A-8D10-653F1C509075}.Debug|Mixed Platforms.ActiveCfg = Debug|x86
		{4B602617-32B5-492A-8D10-653F1C509075}.Debug|Mixed Platforms.Build.0 = Debug|x86
		{4B602617-32B5-492A-8D10-653F1C509075}.Debug|x64.ActiveCfg = Debug|Any CPU
		{4B602617-32B5-492A-8D10-653F1C509075}.Debug|x64.Build.0 = Debug|Any CPU
		{4B602617-32B5-492A-8D10-653F1C509075}.Debug|x86.ActiveCfg = Debug|x86
		{4B602617-32B5-492A-8D10-653F1C509075}.Debug|x86.Build.0 = Debug|x86
		{4B602617-32B5-492A-8D10-653F1C509075}.Release|Any CPU.ActiveCfg = Release|Any CPU
		{4B602617-32B5-492A-8D10-653F1C509075}.Release|Any CPU.Build.0 = Release|Any CPU
		{4B602617-32B5-492A-8D10-653F1C509075}.Release|Mixed Platforms.ActiveCfg = Release|x86
		{4B602617-32B5-492A-8D10-653F1C509075}.Release|Mixed Platforms.Build.0 = Release|x86
		{4B602617-32B5-492A-8D10-653F1C509075}.Release|x64.ActiveCfg = Release|x64
		{4B602617-32B5-492A-8D10-653F1C509075}.Release|x64.Build.0 = Release|x64
		{4B602617-32B5-492A-8D10-653F1C509075}.Release|x86.ActiveCfg = Release|x86
		{4B602617-32B5-492A-8D10-653F1C509075}.Release|x86.Build.0 = Release|x86
		{32D0AC09-E7DE-4923-9471-0D19567F815B}.Debug|Any CPU.ActiveCfg = Debug|Any CPU
		{32D0AC09-E7DE-4923-9471-0D19567F815B}.Debug|Any CPU.Build.0 = Debug|Any CPU
		{32D0AC09-E7DE-4923-9471-0D19567F815B}.Debug|Mixed Platforms.ActiveCfg = Debug|x86
		{32D0AC09-E7DE-4923-9471-0D19567F815B}.Debug|Mixed Platforms.Build.0 = Debug|x86
		{32D0AC09-E7DE-4923-9471-0D19567F815B}.Debug|x64.ActiveCfg = Debug|Any CPU
		{32D0AC09-E7DE-4923-9471-0D19567F815B}.Debug|x64.Build.0 = Debug|Any CPU
		{32D0AC09-E7DE-4923-9471-0D19567F815B}.Debug|x86.ActiveCfg = Debug|Any CPU
		{32D0AC09-E7DE-4923-9471-0D19567F815B}.Release|Any CPU.ActiveCfg = Release|Any CPU
		{32D0AC09-E7DE-4923-9471-0D19567F815B}.Release|Any CPU.Build.0 = Release|Any CPU
		{32D0AC09-E7DE-4923-9471-0D19567F815B}.Release|Mixed Platforms.ActiveCfg = Release|x86
		{32D0AC09-E7DE-4923-9471-0D19567F815B}.Release|Mixed Platforms.Build.0 = Release|x86
		{32D0AC09-E7DE-4923-9471-0D19567F815B}.Release|x64.ActiveCfg = Release|x64
		{32D0AC09-E7DE-4923-9471-0D19567F815B}.Release|x64.Build.0 = Release|x64
		{32D0AC09-E7DE-4923-9471-0D19567F815B}.Release|x86.ActiveCfg = Release|Any CPU
		{9887365D-56C1-4344-9753-91A5D0BF656C}.Debug|Any CPU.ActiveCfg = Debug|Any CPU
		{9887365D-56C1-4344-9753-91A5D0BF656C}.Debug|Any CPU.Build.0 = Debug|Any CPU
		{9887365D-56C1-4344-9753-91A5D0BF656C}.Debug|Mixed Platforms.ActiveCfg = Debug|x86
		{9887365D-56C1-4344-9753-91A5D0BF656C}.Debug|Mixed Platforms.Build.0 = Debug|x86
		{9887365D-56C1-4344-9753-91A5D0BF656C}.Debug|x64.ActiveCfg = Debug|Any CPU
		{9887365D-56C1-4344-9753-91A5D0BF656C}.Debug|x64.Build.0 = Debug|Any CPU
		{9887365D-56C1-4344-9753-91A5D0BF656C}.Debug|x86.ActiveCfg = Debug|Any CPU
		{9887365D-56C1-4344-9753-91A5D0BF656C}.Release|Any CPU.ActiveCfg = Release|Any CPU
		{9887365D-56C1-4344-9753-91A5D0BF656C}.Release|Any CPU.Build.0 = Release|Any CPU
		{9887365D-56C1-4344-9753-91A5D0BF656C}.Release|Mixed Platforms.ActiveCfg = Release|x86
		{9887365D-56C1-4344-9753-91A5D0BF656C}.Release|Mixed Platforms.Build.0 = Release|x86
		{9887365D-56C1-4344-9753-91A5D0BF656C}.Release|x64.ActiveCfg = Release|Any CPU
		{9887365D-56C1-4344-9753-91A5D0BF656C}.Release|x86.ActiveCfg = Release|Any CPU
		{14B15D94-7AF4-43FF-AA5B-178A7EDC8ABB}.Debug|Any CPU.ActiveCfg = Debug|Any CPU
		{14B15D94-7AF4-43FF-AA5B-178A7EDC8ABB}.Debug|Any CPU.Build.0 = Debug|Any CPU
		{14B15D94-7AF4-43FF-AA5B-178A7EDC8ABB}.Debug|Mixed Platforms.ActiveCfg = Debug|x86
		{14B15D94-7AF4-43FF-AA5B-178A7EDC8ABB}.Debug|Mixed Platforms.Build.0 = Debug|x86
		{14B15D94-7AF4-43FF-AA5B-178A7EDC8ABB}.Debug|x64.ActiveCfg = Debug|Any CPU
		{14B15D94-7AF4-43FF-AA5B-178A7EDC8ABB}.Debug|x64.Build.0 = Debug|Any CPU
		{14B15D94-7AF4-43FF-AA5B-178A7EDC8ABB}.Debug|x86.ActiveCfg = Debug|Any CPU
		{14B15D94-7AF4-43FF-AA5B-178A7EDC8ABB}.Release|Any CPU.ActiveCfg = Release|Any CPU
		{14B15D94-7AF4-43FF-AA5B-178A7EDC8ABB}.Release|Any CPU.Build.0 = Release|Any CPU
		{14B15D94-7AF4-43FF-AA5B-178A7EDC8ABB}.Release|Mixed Platforms.ActiveCfg = Release|x86
		{14B15D94-7AF4-43FF-AA5B-178A7EDC8ABB}.Release|Mixed Platforms.Build.0 = Release|x86
		{14B15D94-7AF4-43FF-AA5B-178A7EDC8ABB}.Release|x64.ActiveCfg = Release|Any CPU
		{14B15D94-7AF4-43FF-AA5B-178A7EDC8ABB}.Release|x86.ActiveCfg = Release|Any CPU
		{C1D3C62B-3627-4554-A9D8-AF7446005869}.Debug|Any CPU.ActiveCfg = Debug|Any CPU
		{C1D3C62B-3627-4554-A9D8-AF7446005869}.Debug|Any CPU.Build.0 = Debug|Any CPU
		{C1D3C62B-3627-4554-A9D8-AF7446005869}.Debug|Mixed Platforms.ActiveCfg = Debug|Any CPU
		{C1D3C62B-3627-4554-A9D8-AF7446005869}.Debug|Mixed Platforms.Build.0 = Debug|Any CPU
		{C1D3C62B-3627-4554-A9D8-AF7446005869}.Debug|x64.ActiveCfg = Debug|x64
		{C1D3C62B-3627-4554-A9D8-AF7446005869}.Debug|x64.Build.0 = Debug|x64
		{C1D3C62B-3627-4554-A9D8-AF7446005869}.Debug|x86.ActiveCfg = Debug|Any CPU
		{C1D3C62B-3627-4554-A9D8-AF7446005869}.Release|Any CPU.ActiveCfg = Release|Any CPU
		{C1D3C62B-3627-4554-A9D8-AF7446005869}.Release|Any CPU.Build.0 = Release|Any CPU
		{C1D3C62B-3627-4554-A9D8-AF7446005869}.Release|Mixed Platforms.ActiveCfg = Release|Any CPU
		{C1D3C62B-3627-4554-A9D8-AF7446005869}.Release|Mixed Platforms.Build.0 = Release|Any CPU
		{C1D3C62B-3627-4554-A9D8-AF7446005869}.Release|x64.ActiveCfg = Release|x64
		{C1D3C62B-3627-4554-A9D8-AF7446005869}.Release|x64.Build.0 = Release|x64
		{C1D3C62B-3627-4554-A9D8-AF7446005869}.Release|x86.ActiveCfg = Release|Any CPU
		{48B80CC9-E1B7-4C82-A331-E4EBE1CBC86D}.Debug|Any CPU.ActiveCfg = Debug|Any CPU
		{48B80CC9-E1B7-4C82-A331-E4EBE1CBC86D}.Debug|Any CPU.Build.0 = Debug|Any CPU
		{48B80CC9-E1B7-4C82-A331-E4EBE1CBC86D}.Debug|Mixed Platforms.ActiveCfg = Debug|Any CPU
		{48B80CC9-E1B7-4C82-A331-E4EBE1CBC86D}.Debug|Mixed Platforms.Build.0 = Debug|Any CPU
		{48B80CC9-E1B7-4C82-A331-E4EBE1CBC86D}.Debug|x64.ActiveCfg = Debug|x64
		{48B80CC9-E1B7-4C82-A331-E4EBE1CBC86D}.Debug|x86.ActiveCfg = Debug|Any CPU
		{48B80CC9-E1B7-4C82-A331-E4EBE1CBC86D}.Release|Any CPU.ActiveCfg = Release|Any CPU
		{48B80CC9-E1B7-4C82-A331-E4EBE1CBC86D}.Release|Any CPU.Build.0 = Release|Any CPU
		{48B80CC9-E1B7-4C82-A331-E4EBE1CBC86D}.Release|Mixed Platforms.ActiveCfg = Release|Any CPU
		{48B80CC9-E1B7-4C82-A331-E4EBE1CBC86D}.Release|Mixed Platforms.Build.0 = Release|Any CPU
		{48B80CC9-E1B7-4C82-A331-E4EBE1CBC86D}.Release|x64.ActiveCfg = Release|x64
		{48B80CC9-E1B7-4C82-A331-E4EBE1CBC86D}.Release|x64.Build.0 = Release|x64
		{48B80CC9-E1B7-4C82-A331-E4EBE1CBC86D}.Release|x86.ActiveCfg = Release|Any CPU
		{312F4888-D724-42A1-B2FF-6D45092C59BA}.Debug|Any CPU.ActiveCfg = Debug|Any CPU
		{312F4888-D724-42A1-B2FF-6D45092C59BA}.Debug|Any CPU.Build.0 = Debug|Any CPU
		{312F4888-D724-42A1-B2FF-6D45092C59BA}.Debug|Mixed Platforms.ActiveCfg = Debug|Any CPU
		{312F4888-D724-42A1-B2FF-6D45092C59BA}.Debug|Mixed Platforms.Build.0 = Debug|Any CPU
		{312F4888-D724-42A1-B2FF-6D45092C59BA}.Debug|x64.ActiveCfg = Debug|x64
		{312F4888-D724-42A1-B2FF-6D45092C59BA}.Debug|x86.ActiveCfg = Debug|Any CPU
		{312F4888-D724-42A1-B2FF-6D45092C59BA}.Release|Any CPU.ActiveCfg = Release|Any CPU
		{312F4888-D724-42A1-B2FF-6D45092C59BA}.Release|Any CPU.Build.0 = Release|Any CPU
		{312F4888-D724-42A1-B2FF-6D45092C59BA}.Release|Mixed Platforms.ActiveCfg = Release|Any CPU
		{312F4888-D724-42A1-B2FF-6D45092C59BA}.Release|Mixed Platforms.Build.0 = Release|Any CPU
		{312F4888-D724-42A1-B2FF-6D45092C59BA}.Release|x64.ActiveCfg = Release|x64
		{312F4888-D724-42A1-B2FF-6D45092C59BA}.Release|x64.Build.0 = Release|x64
		{312F4888-D724-42A1-B2FF-6D45092C59BA}.Release|x86.ActiveCfg = Release|Any CPU
		{CE888D0F-AD8C-4114-90DD-5BE4936EE385}.Debug|Any CPU.ActiveCfg = Debug|Any CPU
		{CE888D0F-AD8C-4114-90DD-5BE4936EE385}.Debug|Any CPU.Build.0 = Debug|Any CPU
		{CE888D0F-AD8C-4114-90DD-5BE4936EE385}.Debug|Mixed Platforms.ActiveCfg = Debug|Any CPU
		{CE888D0F-AD8C-4114-90DD-5BE4936EE385}.Debug|Mixed Platforms.Build.0 = Debug|Any CPU
		{CE888D0F-AD8C-4114-90DD-5BE4936EE385}.Debug|x64.ActiveCfg = Debug|Any CPU
		{CE888D0F-AD8C-4114-90DD-5BE4936EE385}.Debug|x64.Build.0 = Debug|Any CPU
		{CE888D0F-AD8C-4114-90DD-5BE4936EE385}.Debug|x86.ActiveCfg = Debug|Any CPU
		{CE888D0F-AD8C-4114-90DD-5BE4936EE385}.Release|Any CPU.ActiveCfg = Release|Any CPU
		{CE888D0F-AD8C-4114-90DD-5BE4936EE385}.Release|Any CPU.Build.0 = Release|Any CPU
		{CE888D0F-AD8C-4114-90DD-5BE4936EE385}.Release|Mixed Platforms.ActiveCfg = Release|Any CPU
		{CE888D0F-AD8C-4114-90DD-5BE4936EE385}.Release|Mixed Platforms.Build.0 = Release|Any CPU
		{CE888D0F-AD8C-4114-90DD-5BE4936EE385}.Release|x64.ActiveCfg = Release|x64
		{CE888D0F-AD8C-4114-90DD-5BE4936EE385}.Release|x64.Build.0 = Release|x64
		{CE888D0F-AD8C-4114-90DD-5BE4936EE385}.Release|x86.ActiveCfg = Release|Any CPU
	EndGlobalSection
	GlobalSection(SolutionProperties) = preSolution
		HideSolutionNode = FALSE
	EndGlobalSection
	GlobalSection(NestedProjects) = preSolution
		{F906ECFC-A537-40E6-95AD-DE49B560FAAB} = {9B976F2F-1723-4C7D-92BD-5A0211F14FF8}
		{C1D3C62B-3627-4554-A9D8-AF7446005869} = {C8EA909B-32CB-4510-8D3E-1769F7D3FA6A}
		{48B80CC9-E1B7-4C82-A331-E4EBE1CBC86D} = {C8EA909B-32CB-4510-8D3E-1769F7D3FA6A}
		{312F4888-D724-42A1-B2FF-6D45092C59BA} = {C8EA909B-32CB-4510-8D3E-1769F7D3FA6A}
		{CE888D0F-AD8C-4114-90DD-5BE4936EE385} = {179CEEDC-05E5-480E-964B-E629BA701963}
	EndGlobalSection
EndGlobal
